github.com/gosnmp/gosnmp v1.44.0 h1:6SUNAJWjSu/j05rm+M1G39NoPW8jvShiFqYf6XNnM+k=
github.com/gosnmp/gosnmp v1.44.0/go.mod h1:30xQDXCVXXehh/xwRd62+JwIizwc3HZaBi4F/Hv5/0o=
github.com/jackpal/gateway v1.2.0 h1:euPRe4t7JfTaqC5Lr78HXl2wSHo54XndTtiAcIxkb5g=
github.com/jackpal/gateway v1.2.0/go.mod h1:/jchvRi4HukAqV24da70iaBMFcSrX3rNWdR5K9VHd0A=
golang.org/x/crypto v0.55.0 h1:+KWHjbgOaAQ66dh/YlkZKHlz9ZUlq61AFirAR9ntP8M=
golang.org/x/crypto v0.55.0/go.mod h1:uq0V9dE/fzQuJtbnL+2EhWOE63vo164FY8xqEnV9xis=
golang.org/x/net v0.57.0 h1:K5+3DljvIuDG9/Jv9rvyMywYNFCQ9RSUY6OOTTkT+tE=
golang.org/x/net v0.57.0/go.mod h1:KpXc8iv+r3XplLAG/f7Jsf9RPszJzdR0f58q9vGOuEU=
golang.org/x/net v0.58.0 h1:ynWG7rqYi4ccpTEuPZ2QGWHktVEM9DMCj9yzDE0Q7To=
golang.org/x/net v0.58.0/go.mod h1:YwCddHnFlT7eLQqVprV19OnhLGtc5xOKgE0RyqgfWAU=
golang.org/x/sys v0.47.0 h1:o7XGOvZQCADBQQ4Y7VNq2dRWQR7JmOUW8Kxx4ZsNgWs=
golang.org/x/sys v0.47.0/go.mod h1:4GL1E5IUh+htKOUEOaiffhrAeqysfVGipDYzABqnCmw=
